// !$*UTF8*$!
{
	archiveVersion = 1;
	classes = {
	};
	objectVersion = 50;
	objects = {

/* Begin PBXBuildFile section */
		50D86925BDEA8D9117D9A563 /* Pods_NoPlantLeftBehind_NoPlantLeftBehindUITests.framework in Frameworks */ = {isa = PBXBuildFile; fileRef = 3144FA8E2699E686A7D9BDF2 /* Pods_NoPlantLeftBehind_NoPlantLeftBehindUITests.framework */; };
		6105A4032537E77F00A9F2F8 /* AppDelegate.swift in Sources */ = {isa = PBXBuildFile; fileRef = 6105A4022537E77F00A9F2F8 /* AppDelegate.swift */; };
		6105A4052537E77F00A9F2F8 /* SceneDelegate.swift in Sources */ = {isa = PBXBuildFile; fileRef = 6105A4042537E77F00A9F2F8 /* SceneDelegate.swift */; };
		6105A4072537E77F00A9F2F8 /* ViewController.swift in Sources */ = {isa = PBXBuildFile; fileRef = 6105A4062537E77F00A9F2F8 /* ViewController.swift */; };
		6105A40A2537E77F00A9F2F8 /* Main.storyboard in Resources */ = {isa = PBXBuildFile; fileRef = 6105A4082537E77F00A9F2F8 /* Main.storyboard */; };
		6105A40D2537E77F00A9F2F8 /* NoPlantLeftBehind.xcdatamodeld in Sources */ = {isa = PBXBuildFile; fileRef = 6105A40B2537E77F00A9F2F8 /* NoPlantLeftBehind.xcdatamodeld */; };
		6105A40F2537E78100A9F2F8 /* Assets.xcassets in Resources */ = {isa = PBXBuildFile; fileRef = 6105A40E2537E78100A9F2F8 /* Assets.xcassets */; };
		6105A4122537E78100A9F2F8 /* LaunchScreen.storyboard in Resources */ = {isa = PBXBuildFile; fileRef = 6105A4102537E78100A9F2F8 /* LaunchScreen.storyboard */; };
		6105A41D2537E78100A9F2F8 /* NoPlantLeftBehindTests.swift in Sources */ = {isa = PBXBuildFile; fileRef = 6105A41C2537E78100A9F2F8 /* NoPlantLeftBehindTests.swift */; };
		6105A4282537E78100A9F2F8 /* NoPlantLeftBehindUITests.swift in Sources */ = {isa = PBXBuildFile; fileRef = 6105A4272537E78100A9F2F8 /* NoPlantLeftBehindUITests.swift */; };
		61C703792537EFE000025897 /* SignUpSignIn.storyboard in Resources */ = {isa = PBXBuildFile; fileRef = 61C703782537EFE000025897 /* SignUpSignIn.storyboard */; };
		61C7037E2537EFF400025897 /* PlantCollection.storyboard in Resources */ = {isa = PBXBuildFile; fileRef = 61C7037D2537EFF400025897 /* PlantCollection.storyboard */; };
		61C703832537F00600025897 /* AddEditPlant.storyboard in Resources */ = {isa = PBXBuildFile; fileRef = 61C703822537F00600025897 /* AddEditPlant.storyboard */; };
		6F75FF0958C6954143053C12 /* Pods_NoPlantLeftBehindTests.framework in Frameworks */ = {isa = PBXBuildFile; fileRef = 24DF8560DE7A1DB124933A79 /* Pods_NoPlantLeftBehindTests.framework */; };
		A0B709B657FD29CA22E2C207 /* Pods_NoPlantLeftBehind.framework in Frameworks */ = {isa = PBXBuildFile; fileRef = CB1B105E640544433532C9B6 /* Pods_NoPlantLeftBehind.framework */; };
/* End PBXBuildFile section */

/* Begin PBXContainerItemProxy section */
		6105A4192537E78100A9F2F8 /* PBXContainerItemProxy */ = {
			isa = PBXContainerItemProxy;
			containerPortal = 6105A3F72537E77F00A9F2F8 /* Project object */;
			proxyType = 1;
			remoteGlobalIDString = 6105A3FE2537E77F00A9F2F8;
			remoteInfo = NoPlantLeftBehind;
		};
		6105A4242537E78100A9F2F8 /* PBXContainerItemProxy */ = {
			isa = PBXContainerItemProxy;
			containerPortal = 6105A3F72537E77F00A9F2F8 /* Project object */;
			proxyType = 1;
			remoteGlobalIDString = 6105A3FE2537E77F00A9F2F8;
			remoteInfo = NoPlantLeftBehind;
		};
/* End PBXContainerItemProxy section */

/* Begin PBXFileReference section */
		24DF8560DE7A1DB124933A79 /* Pods_NoPlantLeftBehindTests.framework */ = {isa = PBXFileReference; explicitFileType = wrapper.framework; includeInIndex = 0; path = Pods_NoPlantLeftBehindTests.framework; sourceTree = BUILT_PRODUCTS_DIR; };
		3144FA8E2699E686A7D9BDF2 /* Pods_NoPlantLeftBehind_NoPlantLeftBehindUITests.framework */ = {isa = PBXFileReference; explicitFileType = wrapper.framework; includeInIndex = 0; path = Pods_NoPlantLeftBehind_NoPlantLeftBehindUITests.framework; sourceTree = BUILT_PRODUCTS_DIR; };
		373D04A57587828AACD2D6DB /* Pods-NoPlantLeftBehindTests.release.xcconfig */ = {isa = PBXFileReference; includeInIndex = 1; lastKnownFileType = text.xcconfig; name = "Pods-NoPlantLeftBehindTests.release.xcconfig"; path = "Target Support Files/Pods-NoPlantLeftBehindTests/Pods-NoPlantLeftBehindTests.release.xcconfig"; sourceTree = "<group>"; };
		4C5960CCC443F945CCC25BA4 /* Pods-NoPlantLeftBehind.release.xcconfig */ = {isa = PBXFileReference; includeInIndex = 1; lastKnownFileType = text.xcconfig; name = "Pods-NoPlantLeftBehind.release.xcconfig"; path = "Target Support Files/Pods-NoPlantLeftBehind/Pods-NoPlantLeftBehind.release.xcconfig"; sourceTree = "<group>"; };
		5C6445AAC1A883DE2E52621B /* Pods-NoPlantLeftBehind-NoPlantLeftBehindUITests.release.xcconfig */ = {isa = PBXFileReference; includeInIndex = 1; lastKnownFileType = text.xcconfig; name = "Pods-NoPlantLeftBehind-NoPlantLeftBehindUITests.release.xcconfig"; path = "Target Support Files/Pods-NoPlantLeftBehind-NoPlantLeftBehindUITests/Pods-NoPlantLeftBehind-NoPlantLeftBehindUITests.release.xcconfig"; sourceTree = "<group>"; };
		6105A3FF2537E77F00A9F2F8 /* NoPlantLeftBehind.app */ = {isa = PBXFileReference; explicitFileType = wrapper.application; includeInIndex = 0; path = NoPlantLeftBehind.app; sourceTree = BUILT_PRODUCTS_DIR; };
		6105A4022537E77F00A9F2F8 /* AppDelegate.swift */ = {isa = PBXFileReference; lastKnownFileType = sourcecode.swift; path = AppDelegate.swift; sourceTree = "<group>"; };
		6105A4042537E77F00A9F2F8 /* SceneDelegate.swift */ = {isa = PBXFileReference; lastKnownFileType = sourcecode.swift; path = SceneDelegate.swift; sourceTree = "<group>"; };
		6105A4062537E77F00A9F2F8 /* ViewController.swift */ = {isa = PBXFileReference; lastKnownFileType = sourcecode.swift; path = ViewController.swift; sourceTree = "<group>"; };
		6105A4092537E77F00A9F2F8 /* Base */ = {isa = PBXFileReference; lastKnownFileType = file.storyboard; name = Base; path = Base.lproj/Main.storyboard; sourceTree = "<group>"; };
		6105A40C2537E77F00A9F2F8 /* NoPlantLeftBehind.xcdatamodel */ = {isa = PBXFileReference; lastKnownFileType = wrapper.xcdatamodel; path = NoPlantLeftBehind.xcdatamodel; sourceTree = "<group>"; };
		6105A40E2537E78100A9F2F8 /* Assets.xcassets */ = {isa = PBXFileReference; lastKnownFileType = folder.assetcatalog; path = Assets.xcassets; sourceTree = "<group>"; };
		6105A4112537E78100A9F2F8 /* Base */ = {isa = PBXFileReference; lastKnownFileType = file.storyboard; name = Base; path = Base.lproj/LaunchScreen.storyboard; sourceTree = "<group>"; };
		6105A4132537E78100A9F2F8 /* Info.plist */ = {isa = PBXFileReference; lastKnownFileType = text.plist.xml; path = Info.plist; sourceTree = "<group>"; };
		6105A4182537E78100A9F2F8 /* NoPlantLeftBehindTests.xctest */ = {isa = PBXFileReference; explicitFileType = wrapper.cfbundle; includeInIndex = 0; path = NoPlantLeftBehindTests.xctest; sourceTree = BUILT_PRODUCTS_DIR; };
		6105A41C2537E78100A9F2F8 /* NoPlantLeftBehindTests.swift */ = {isa = PBXFileReference; lastKnownFileType = sourcecode.swift; path = NoPlantLeftBehindTests.swift; sourceTree = "<group>"; };
		6105A41E2537E78100A9F2F8 /* Info.plist */ = {isa = PBXFileReference; lastKnownFileType = text.plist.xml; path = Info.plist; sourceTree = "<group>"; };
		6105A4232537E78100A9F2F8 /* NoPlantLeftBehindUITests.xctest */ = {isa = PBXFileReference; explicitFileType = wrapper.cfbundle; includeInIndex = 0; path = NoPlantLeftBehindUITests.xctest; sourceTree = BUILT_PRODUCTS_DIR; };
		6105A4272537E78100A9F2F8 /* NoPlantLeftBehindUITests.swift */ = {isa = PBXFileReference; lastKnownFileType = sourcecode.swift; path = NoPlantLeftBehindUITests.swift; sourceTree = "<group>"; };
		6105A4292537E78100A9F2F8 /* Info.plist */ = {isa = PBXFileReference; lastKnownFileType = text.plist.xml; path = Info.plist; sourceTree = "<group>"; };
		61C703782537EFE000025897 /* SignUpSignIn.storyboard */ = {isa = PBXFileReference; lastKnownFileType = file.storyboard; path = SignUpSignIn.storyboard; sourceTree = "<group>"; };
		61C7037D2537EFF400025897 /* PlantCollection.storyboard */ = {isa = PBXFileReference; lastKnownFileType = file.storyboard; path = PlantCollection.storyboard; sourceTree = "<group>"; };
		61C703822537F00600025897 /* AddEditPlant.storyboard */ = {isa = PBXFileReference; lastKnownFileType = file.storyboard; path = AddEditPlant.storyboard; sourceTree = "<group>"; };
		66043331FAD00686D9E73D17 /* Pods-NoPlantLeftBehindTests.debug.xcconfig */ = {isa = PBXFileReference; includeInIndex = 1; lastKnownFileType = text.xcconfig; name = "Pods-NoPlantLeftBehindTests.debug.xcconfig"; path = "Target Support Files/Pods-NoPlantLeftBehindTests/Pods-NoPlantLeftBehindTests.debug.xcconfig"; sourceTree = "<group>"; };
		AE199087B683134BD84A7DF8 /* Pods-NoPlantLeftBehind.debug.xcconfig */ = {isa = PBXFileReference; includeInIndex = 1; lastKnownFileType = text.xcconfig; name = "Pods-NoPlantLeftBehind.debug.xcconfig"; path = "Target Support Files/Pods-NoPlantLeftBehind/Pods-NoPlantLeftBehind.debug.xcconfig"; sourceTree = "<group>"; };
		CB1B105E640544433532C9B6 /* Pods_NoPlantLeftBehind.framework */ = {isa = PBXFileReference; explicitFileType = wrapper.framework; includeInIndex = 0; path = Pods_NoPlantLeftBehind.framework; sourceTree = BUILT_PRODUCTS_DIR; };
		E92E97975AB04B0283CD1ABD /* Pods-NoPlantLeftBehind-NoPlantLeftBehindUITests.debug.xcconfig */ = {isa = PBXFileReference; includeInIndex = 1; lastKnownFileType = text.xcconfig; name = "Pods-NoPlantLeftBehind-NoPlantLeftBehindUITests.debug.xcconfig"; path = "Target Support Files/Pods-NoPlantLeftBehind-NoPlantLeftBehindUITests/Pods-NoPlantLeftBehind-NoPlantLeftBehindUITests.debug.xcconfig"; sourceTree = "<group>"; };
/* End PBXFileReference section */

/* Begin PBXFrameworksBuildPhase section */
		6105A3FC2537E77F00A9F2F8 /* Frameworks */ = {
			isa = PBXFrameworksBuildPhase;
			buildActionMask = 2147483647;
			files = (
				A0B709B657FD29CA22E2C207 /* Pods_NoPlantLeftBehind.framework in Frameworks */,
			);
			runOnlyForDeploymentPostprocessing = 0;
		};
		6105A4152537E78100A9F2F8 /* Frameworks */ = {
			isa = PBXFrameworksBuildPhase;
			buildActionMask = 2147483647;
			files = (
				6F75FF0958C6954143053C12 /* Pods_NoPlantLeftBehindTests.framework in Frameworks */,
			);
			runOnlyForDeploymentPostprocessing = 0;
		};
		6105A4202537E78100A9F2F8 /* Frameworks */ = {
			isa = PBXFrameworksBuildPhase;
			buildActionMask = 2147483647;
			files = (
				50D86925BDEA8D9117D9A563 /* Pods_NoPlantLeftBehind_NoPlantLeftBehindUITests.framework in Frameworks */,
			);
			runOnlyForDeploymentPostprocessing = 0;
		};
/* End PBXFrameworksBuildPhase section */

/* Begin PBXGroup section */
		038A2A6601EA56DD42F4A277 /* Frameworks */ = {
			isa = PBXGroup;
			children = (
				CB1B105E640544433532C9B6 /* Pods_NoPlantLeftBehind.framework */,
				3144FA8E2699E686A7D9BDF2 /* Pods_NoPlantLeftBehind_NoPlantLeftBehindUITests.framework */,
				24DF8560DE7A1DB124933A79 /* Pods_NoPlantLeftBehindTests.framework */,
			);
			name = Frameworks;
			sourceTree = "<group>";
		};
		3E491C03AD95D2CDE20BC3A7 /* Pods */ = {
			isa = PBXGroup;
			children = (
				AE199087B683134BD84A7DF8 /* Pods-NoPlantLeftBehind.debug.xcconfig */,
				4C5960CCC443F945CCC25BA4 /* Pods-NoPlantLeftBehind.release.xcconfig */,
				E92E97975AB04B0283CD1ABD /* Pods-NoPlantLeftBehind-NoPlantLeftBehindUITests.debug.xcconfig */,
				5C6445AAC1A883DE2E52621B /* Pods-NoPlantLeftBehind-NoPlantLeftBehindUITests.release.xcconfig */,
				66043331FAD00686D9E73D17 /* Pods-NoPlantLeftBehindTests.debug.xcconfig */,
				373D04A57587828AACD2D6DB /* Pods-NoPlantLeftBehindTests.release.xcconfig */,
			);
			path = Pods;
			sourceTree = "<group>";
		};
		6105A3F62537E77F00A9F2F8 = {
			isa = PBXGroup;
			children = (
				6105A4012537E77F00A9F2F8 /* NoPlantLeftBehind */,
				6105A41B2537E78100A9F2F8 /* NoPlantLeftBehindTests */,
				6105A4262537E78100A9F2F8 /* NoPlantLeftBehindUITests */,
				6105A4002537E77F00A9F2F8 /* Products */,
				3E491C03AD95D2CDE20BC3A7 /* Pods */,
				038A2A6601EA56DD42F4A277 /* Frameworks */,
			);
			sourceTree = "<group>";
		};
		6105A4002537E77F00A9F2F8 /* Products */ = {
			isa = PBXGroup;
			children = (
				6105A3FF2537E77F00A9F2F8 /* NoPlantLeftBehind.app */,
				6105A4182537E78100A9F2F8 /* NoPlantLeftBehindTests.xctest */,
				6105A4232537E78100A9F2F8 /* NoPlantLeftBehindUITests.xctest */,
			);
			name = Products;
			sourceTree = "<group>";
		};
		6105A4012537E77F00A9F2F8 /* NoPlantLeftBehind */ = {
			isa = PBXGroup;
			children = (
				6105A4022537E77F00A9F2F8 /* AppDelegate.swift */,
				6105A4042537E77F00A9F2F8 /* SceneDelegate.swift */,
				6105A4062537E77F00A9F2F8 /* ViewController.swift */,
				6105A4082537E77F00A9F2F8 /* Main.storyboard */,
				6105A40E2537E78100A9F2F8 /* Assets.xcassets */,
				6105A4102537E78100A9F2F8 /* LaunchScreen.storyboard */,
				6105A4132537E78100A9F2F8 /* Info.plist */,
				6105A40B2537E77F00A9F2F8 /* NoPlantLeftBehind.xcdatamodeld */,
				61C703782537EFE000025897 /* SignUpSignIn.storyboard */,
				61C7037D2537EFF400025897 /* PlantCollection.storyboard */,
				61C703822537F00600025897 /* AddEditPlant.storyboard */,
			);
			path = NoPlantLeftBehind;
			sourceTree = "<group>";
		};
		6105A41B2537E78100A9F2F8 /* NoPlantLeftBehindTests */ = {
			isa = PBXGroup;
			children = (
				6105A41C2537E78100A9F2F8 /* NoPlantLeftBehindTests.swift */,
				6105A41E2537E78100A9F2F8 /* Info.plist */,
			);
			path = NoPlantLeftBehindTests;
			sourceTree = "<group>";
		};
		6105A4262537E78100A9F2F8 /* NoPlantLeftBehindUITests */ = {
			isa = PBXGroup;
			children = (
				6105A4272537E78100A9F2F8 /* NoPlantLeftBehindUITests.swift */,
				6105A4292537E78100A9F2F8 /* Info.plist */,
			);
			path = NoPlantLeftBehindUITests;
			sourceTree = "<group>";
		};
/* End PBXGroup section */

/* Begin PBXNativeTarget section */
		6105A3FE2537E77F00A9F2F8 /* NoPlantLeftBehind */ = {
			isa = PBXNativeTarget;
			buildConfigurationList = 6105A42C2537E78100A9F2F8 /* Build configuration list for PBXNativeTarget "NoPlantLeftBehind" */;
			buildPhases = (
				34CC5213F6782CA963317286 /* [CP] Check Pods Manifest.lock */,
				6105A3FB2537E77F00A9F2F8 /* Sources */,
				6105A3FC2537E77F00A9F2F8 /* Frameworks */,
				6105A3FD2537E77F00A9F2F8 /* Resources */,
			);
			buildRules = (
			);
			dependencies = (
			);
			name = NoPlantLeftBehind;
			productName = NoPlantLeftBehind;
			productReference = 6105A3FF2537E77F00A9F2F8 /* NoPlantLeftBehind.app */;
			productType = "com.apple.product-type.application";
		};
		6105A4172537E78100A9F2F8 /* NoPlantLeftBehindTests */ = {
			isa = PBXNativeTarget;
			buildConfigurationList = 6105A42F2537E78100A9F2F8 /* Build configuration list for PBXNativeTarget "NoPlantLeftBehindTests" */;
			buildPhases = (
				13EAA5C13A73800C48C076AE /* [CP] Check Pods Manifest.lock */,
				6105A4142537E78100A9F2F8 /* Sources */,
				6105A4152537E78100A9F2F8 /* Frameworks */,
				6105A4162537E78100A9F2F8 /* Resources */,
			);
			buildRules = (
			);
			dependencies = (
				6105A41A2537E78100A9F2F8 /* PBXTargetDependency */,
			);
			name = NoPlantLeftBehindTests;
			productName = NoPlantLeftBehindTests;
			productReference = 6105A4182537E78100A9F2F8 /* NoPlantLeftBehindTests.xctest */;
			productType = "com.apple.product-type.bundle.unit-test";
		};
		6105A4222537E78100A9F2F8 /* NoPlantLeftBehindUITests */ = {
			isa = PBXNativeTarget;
			buildConfigurationList = 6105A4322537E78100A9F2F8 /* Build configuration list for PBXNativeTarget "NoPlantLeftBehindUITests" */;
			buildPhases = (
				1DD59E69E63529392C1AB3A8 /* [CP] Check Pods Manifest.lock */,
				6105A41F2537E78100A9F2F8 /* Sources */,
				6105A4202537E78100A9F2F8 /* Frameworks */,
				6105A4212537E78100A9F2F8 /* Resources */,
			);
			buildRules = (
			);
			dependencies = (
				6105A4252537E78100A9F2F8 /* PBXTargetDependency */,
			);
			name = NoPlantLeftBehindUITests;
			productName = NoPlantLeftBehindUITests;
			productReference = 6105A4232537E78100A9F2F8 /* NoPlantLeftBehindUITests.xctest */;
			productType = "com.apple.product-type.bundle.ui-testing";
		};
/* End PBXNativeTarget section */

/* Begin PBXProject section */
		6105A3F72537E77F00A9F2F8 /* Project object */ = {
			isa = PBXProject;
			attributes = {
				LastSwiftUpdateCheck = 1200;
				LastUpgradeCheck = 1200;
				TargetAttributes = {
					6105A3FE2537E77F00A9F2F8 = {
						CreatedOnToolsVersion = 12.0.1;
					};
					6105A4172537E78100A9F2F8 = {
						CreatedOnToolsVersion = 12.0.1;
						TestTargetID = 6105A3FE2537E77F00A9F2F8;
					};
					6105A4222537E78100A9F2F8 = {
						CreatedOnToolsVersion = 12.0.1;
						TestTargetID = 6105A3FE2537E77F00A9F2F8;
					};
				};
			};
			buildConfigurationList = 6105A3FA2537E77F00A9F2F8 /* Build configuration list for PBXProject "NoPlantLeftBehind" */;
			compatibilityVersion = "Xcode 9.3";
			developmentRegion = en;
			hasScannedForEncodings = 0;
			knownRegions = (
				en,
				Base,
			);
			mainGroup = 6105A3F62537E77F00A9F2F8;
			productRefGroup = 6105A4002537E77F00A9F2F8 /* Products */;
			projectDirPath = "";
			projectRoot = "";
			targets = (
				6105A3FE2537E77F00A9F2F8 /* NoPlantLeftBehind */,
				6105A4172537E78100A9F2F8 /* NoPlantLeftBehindTests */,
				6105A4222537E78100A9F2F8 /* NoPlantLeftBehindUITests */,
			);
		};
/* End PBXProject section */

/* Begin PBXResourcesBuildPhase section */
		6105A3FD2537E77F00A9F2F8 /* Resources */ = {
			isa = PBXResourcesBuildPhase;
			buildActionMask = 2147483647;
			files = (
				61C703792537EFE000025897 /* SignUpSignIn.storyboard in Resources */,
				6105A4122537E78100A9F2F8 /* LaunchScreen.storyboard in Resources */,
				61C703832537F00600025897 /* AddEditPlant.storyboard in Resources */,
				6105A40F2537E78100A9F2F8 /* Assets.xcassets in Resources */,
				6105A40A2537E77F00A9F2F8 /* Main.storyboard in Resources */,
				61C7037E2537EFF400025897 /* PlantCollection.storyboard in Resources */,
			);
			runOnlyForDeploymentPostprocessing = 0;
		};
		6105A4162537E78100A9F2F8 /* Resources */ = {
			isa = PBXResourcesBuildPhase;
			buildActionMask = 2147483647;
			files = (
			);
			runOnlyForDeploymentPostprocessing = 0;
		};
		6105A4212537E78100A9F2F8 /* Resources */ = {
			isa = PBXResourcesBuildPhase;
			buildActionMask = 2147483647;
			files = (
			);
			runOnlyForDeploymentPostprocessing = 0;
		};
/* End PBXResourcesBuildPhase section */

/* Begin PBXShellScriptBuildPhase section */
		13EAA5C13A73800C48C076AE /* [CP] Check Pods Manifest.lock */ = {
			isa = PBXShellScriptBuildPhase;
			buildActionMask = 2147483647;
			files = (
			);
			inputFileListPaths = (
			);
			inputPaths = (
				"${PODS_PODFILE_DIR_PATH}/Podfile.lock",
				"${PODS_ROOT}/Manifest.lock",
			);
			name = "[CP] Check Pods Manifest.lock";
			outputFileListPaths = (
			);
			outputPaths = (
				"$(DERIVED_FILE_DIR)/Pods-NoPlantLeftBehindTests-checkManifestLockResult.txt",
			);
			runOnlyForDeploymentPostprocessing = 0;
			shellPath = /bin/sh;
			shellScript = "diff \"${PODS_PODFILE_DIR_PATH}/Podfile.lock\" \"${PODS_ROOT}/Manifest.lock\" > /dev/null\nif [ $? != 0 ] ; then\n    # print error to STDERR\n    echo \"error: The sandbox is not in sync with the Podfile.lock. Run 'pod install' or update your CocoaPods installation.\" >&2\n    exit 1\nfi\n# This output is used by Xcode 'outputs' to avoid re-running this script phase.\necho \"SUCCESS\" > \"${SCRIPT_OUTPUT_FILE_0}\"\n";
			showEnvVarsInLog = 0;
		};
		1DD59E69E63529392C1AB3A8 /* [CP] Check Pods Manifest.lock */ = {
			isa = PBXShellScriptBuildPhase;
			buildActionMask = 2147483647;
			files = (
			);
			inputFileListPaths = (
			);
			inputPaths = (
				"${PODS_PODFILE_DIR_PATH}/Podfile.lock",
				"${PODS_ROOT}/Manifest.lock",
			);
			name = "[CP] Check Pods Manifest.lock";
			outputFileListPaths = (
			);
			outputPaths = (
				"$(DERIVED_FILE_DIR)/Pods-NoPlantLeftBehind-NoPlantLeftBehindUITests-checkManifestLockResult.txt",
			);
			runOnlyForDeploymentPostprocessing = 0;
			shellPath = /bin/sh;
			shellScript = "diff \"${PODS_PODFILE_DIR_PATH}/Podfile.lock\" \"${PODS_ROOT}/Manifest.lock\" > /dev/null\nif [ $? != 0 ] ; then\n    # print error to STDERR\n    echo \"error: The sandbox is not in sync with the Podfile.lock. Run 'pod install' or update your CocoaPods installation.\" >&2\n    exit 1\nfi\n# This output is used by Xcode 'outputs' to avoid re-running this script phase.\necho \"SUCCESS\" > \"${SCRIPT_OUTPUT_FILE_0}\"\n";
			showEnvVarsInLog = 0;
		};
		34CC5213F6782CA963317286 /* [CP] Check Pods Manifest.lock */ = {
			isa = PBXShellScriptBuildPhase;
			buildActionMask = 2147483647;
			files = (
			);
			inputFileListPaths = (
			);
			inputPaths = (
				"${PODS_PODFILE_DIR_PATH}/Podfile.lock",
				"${PODS_ROOT}/Manifest.lock",
			);
			name = "[CP] Check Pods Manifest.lock";
			outputFileListPaths = (
			);
			outputPaths = (
				"$(DERIVED_FILE_DIR)/Pods-NoPlantLeftBehind-checkManifestLockResult.txt",
			);
			runOnlyForDeploymentPostprocessing = 0;
			shellPath = /bin/sh;
			shellScript = "diff \"${PODS_PODFILE_DIR_PATH}/Podfile.lock\" \"${PODS_ROOT}/Manifest.lock\" > /dev/null\nif [ $? != 0 ] ; then\n    # print error to STDERR\n    echo \"error: The sandbox is not in sync with the Podfile.lock. Run 'pod install' or update your CocoaPods installation.\" >&2\n    exit 1\nfi\n# This output is used by Xcode 'outputs' to avoid re-running this script phase.\necho \"SUCCESS\" > \"${SCRIPT_OUTPUT_FILE_0}\"\n";
			showEnvVarsInLog = 0;
		};
/* End PBXShellScriptBuildPhase section */

/* Begin PBXSourcesBuildPhase section */
		6105A3FB2537E77F00A9F2F8 /* Sources */ = {
			isa = PBXSourcesBuildPhase;
			buildActionMask = 2147483647;
			files = (
				6105A4072537E77F00A9F2F8 /* ViewController.swift in Sources */,
				6105A4032537E77F00A9F2F8 /* AppDelegate.swift in Sources */,
				6105A4052537E77F00A9F2F8 /* SceneDelegate.swift in Sources */,
				6105A40D2537E77F00A9F2F8 /* NoPlantLeftBehind.xcdatamodeld in Sources */,
			);
			runOnlyForDeploymentPostprocessing = 0;
		};
		6105A4142537E78100A9F2F8 /* Sources */ = {
			isa = PBXSourcesBuildPhase;
			buildActionMask = 2147483647;
			files = (
				6105A41D2537E78100A9F2F8 /* NoPlantLeftBehindTests.swift in Sources */,
			);
			runOnlyForDeploymentPostprocessing = 0;
		};
		6105A41F2537E78100A9F2F8 /* Sources */ = {
			isa = PBXSourcesBuildPhase;
			buildActionMask = 2147483647;
			files = (
				6105A4282537E78100A9F2F8 /* NoPlantLeftBehindUITests.swift in Sources */,
			);
			runOnlyForDeploymentPostprocessing = 0;
		};
/* End PBXSourcesBuildPhase section */

/* Begin PBXTargetDependency section */
		6105A41A2537E78100A9F2F8 /* PBXTargetDependency */ = {
			isa = PBXTargetDependency;
			target = 6105A3FE2537E77F00A9F2F8 /* NoPlantLeftBehind */;
			targetProxy = 6105A4192537E78100A9F2F8 /* PBXContainerItemProxy */;
		};
		6105A4252537E78100A9F2F8 /* PBXTargetDependency */ = {
			isa = PBXTargetDependency;
			target = 6105A3FE2537E77F00A9F2F8 /* NoPlantLeftBehind */;
			targetProxy = 6105A4242537E78100A9F2F8 /* PBXContainerItemProxy */;
		};
/* End PBXTargetDependency section */

/* Begin PBXVariantGroup section */
		6105A4082537E77F00A9F2F8 /* Main.storyboard */ = {
			isa = PBXVariantGroup;
			children = (
				6105A4092537E77F00A9F2F8 /* Base */,
			);
			name = Main.storyboard;
			sourceTree = "<group>";
		};
		6105A4102537E78100A9F2F8 /* LaunchScreen.storyboard */ = {
			isa = PBXVariantGroup;
			children = (
				6105A4112537E78100A9F2F8 /* Base */,
			);
			name = LaunchScreen.storyboard;
			sourceTree = "<group>";
		};
/* End PBXVariantGroup section */

/* Begin XCBuildConfiguration section */
		6105A42A2537E78100A9F2F8 /* Debug */ = {
			isa = XCBuildConfiguration;
			buildSettings = {
				ALWAYS_SEARCH_USER_PATHS = NO;
				CLANG_ANALYZER_NONNULL = YES;
				CLANG_ANALYZER_NUMBER_OBJECT_CONVERSION = YES_AGGRESSIVE;
				CLANG_CXX_LANGUAGE_STANDARD = "gnu++14";
				CLANG_CXX_LIBRARY = "libc++";
				CLANG_ENABLE_MODULES = YES;
				CLANG_ENABLE_OBJC_ARC = YES;
				CLANG_ENABLE_OBJC_WEAK = YES;
				CLANG_WARN_BLOCK_CAPTURE_AUTORELEASING = YES;
				CLANG_WARN_BOOL_CONVERSION = YES;
				CLANG_WARN_COMMA = YES;
				CLANG_WARN_CONSTANT_CONVERSION = YES;
				CLANG_WARN_DEPRECATED_OBJC_IMPLEMENTATIONS = YES;
				CLANG_WARN_DIRECT_OBJC_ISA_USAGE = YES_ERROR;
				CLANG_WARN_DOCUMENTATION_COMMENTS = YES;
				CLANG_WARN_EMPTY_BODY = YES;
				CLANG_WARN_ENUM_CONVERSION = YES;
				CLANG_WARN_INFINITE_RECURSION = YES;
				CLANG_WARN_INT_CONVERSION = YES;
				CLANG_WARN_NON_LITERAL_NULL_CONVERSION = YES;
				CLANG_WARN_OBJC_IMPLICIT_RETAIN_SELF = YES;
				CLANG_WARN_OBJC_LITERAL_CONVERSION = YES;
				CLANG_WARN_OBJC_ROOT_CLASS = YES_ERROR;
				CLANG_WARN_QUOTED_INCLUDE_IN_FRAMEWORK_HEADER = YES;
				CLANG_WARN_RANGE_LOOP_ANALYSIS = YES;
				CLANG_WARN_STRICT_PROTOTYPES = YES;
				CLANG_WARN_SUSPICIOUS_MOVE = YES;
				CLANG_WARN_UNGUARDED_AVAILABILITY = YES_AGGRESSIVE;
				CLANG_WARN_UNREACHABLE_CODE = YES;
				CLANG_WARN__DUPLICATE_METHOD_MATCH = YES;
				COPY_PHASE_STRIP = NO;
				DEBUG_INFORMATION_FORMAT = dwarf;
				ENABLE_STRICT_OBJC_MSGSEND = YES;
				ENABLE_TESTABILITY = YES;
				GCC_C_LANGUAGE_STANDARD = gnu11;
				GCC_DYNAMIC_NO_PIC = NO;
				GCC_NO_COMMON_BLOCKS = YES;
				GCC_OPTIMIZATION_LEVEL = 0;
				GCC_PREPROCESSOR_DEFINITIONS = (
					"DEBUG=1",
					"$(inherited)",
				);
				GCC_WARN_64_TO_32_BIT_CONVERSION = YES;
				GCC_WARN_ABOUT_RETURN_TYPE = YES_ERROR;
				GCC_WARN_UNDECLARED_SELECTOR = YES;
				GCC_WARN_UNINITIALIZED_AUTOS = YES_AGGRESSIVE;
				GCC_WARN_UNUSED_FUNCTION = YES;
				GCC_WARN_UNUSED_VARIABLE = YES;
				IPHONEOS_DEPLOYMENT_TARGET = 14.0;
				MTL_ENABLE_DEBUG_INFO = INCLUDE_SOURCE;
				MTL_FAST_MATH = YES;
				ONLY_ACTIVE_ARCH = YES;
				SDKROOT = iphoneos;
				SWIFT_ACTIVE_COMPILATION_CONDITIONS = DEBUG;
				SWIFT_OPTIMIZATION_LEVEL = "-Onone";
			};
			name = Debug;
		};
		6105A42B2537E78100A9F2F8 /* Release */ = {
			isa = XCBuildConfiguration;
			buildSettings = {
				ALWAYS_SEARCH_USER_PATHS = NO;
				CLANG_ANALYZER_NONNULL = YES;
				CLANG_ANALYZER_NUMBER_OBJECT_CONVERSION = YES_AGGRESSIVE;
				CLANG_CXX_LANGUAGE_STANDARD = "gnu++14";
				CLANG_CXX_LIBRARY = "libc++";
				CLANG_ENABLE_MODULES = YES;
				CLANG_ENABLE_OBJC_ARC = YES;
				CLANG_ENABLE_OBJC_WEAK = YES;
				CLANG_WARN_BLOCK_CAPTURE_AUTORELEASING = YES;
				CLANG_WARN_BOOL_CONVERSION = YES;
				CLANG_WARN_COMMA = YES;
				CLANG_WARN_CONSTANT_CONVERSION = YES;
				CLANG_WARN_DEPRECATED_OBJC_IMPLEMENTATIONS = YES;
				CLANG_WARN_DIRECT_OBJC_ISA_USAGE = YES_ERROR;
				CLANG_WARN_DOCUMENTATION_COMMENTS = YES;
				CLANG_WARN_EMPTY_BODY = YES;
				CLANG_WARN_ENUM_CONVERSION = YES;
				CLANG_WARN_INFINITE_RECURSION = YES;
				CLANG_WARN_INT_CONVERSION = YES;
				CLANG_WARN_NON_LITERAL_NULL_CONVERSION = YES;
				CLANG_WARN_OBJC_IMPLICIT_RETAIN_SELF = YES;
				CLANG_WARN_OBJC_LITERAL_CONVERSION = YES;
				CLANG_WARN_OBJC_ROOT_CLASS = YES_ERROR;
				CLANG_WARN_QUOTED_INCLUDE_IN_FRAMEWORK_HEADER = YES;
				CLANG_WARN_RANGE_LOOP_ANALYSIS = YES;
				CLANG_WARN_STRICT_PROTOTYPES = YES;
				CLANG_WARN_SUSPICIOUS_MOVE = YES;
				CLANG_WARN_UNGUARDED_AVAILABILITY = YES_AGGRESSIVE;
				CLANG_WARN_UNREACHABLE_CODE = YES;
				CLANG_WARN__DUPLICATE_METHOD_MATCH = YES;
				COPY_PHASE_STRIP = NO;
				DEBUG_INFORMATION_FORMAT = "dwarf-with-dsym";
				ENABLE_NS_ASSERTIONS = NO;
				ENABLE_STRICT_OBJC_MSGSEND = YES;
				GCC_C_LANGUAGE_STANDARD = gnu11;
				GCC_NO_COMMON_BLOCKS = YES;
				GCC_WARN_64_TO_32_BIT_CONVERSION = YES;
				GCC_WARN_ABOUT_RETURN_TYPE = YES_ERROR;
				GCC_WARN_UNDECLARED_SELECTOR = YES;
				GCC_WARN_UNINITIALIZED_AUTOS = YES_AGGRESSIVE;
				GCC_WARN_UNUSED_FUNCTION = YES;
				GCC_WARN_UNUSED_VARIABLE = YES;
				IPHONEOS_DEPLOYMENT_TARGET = 14.0;
				MTL_ENABLE_DEBUG_INFO = NO;
				MTL_FAST_MATH = YES;
				SDKROOT = iphoneos;
				SWIFT_COMPILATION_MODE = wholemodule;
				SWIFT_OPTIMIZATION_LEVEL = "-O";
				VALIDATE_PRODUCT = YES;
			};
			name = Release;
		};
		6105A42D2537E78100A9F2F8 /* Debug */ = {
			isa = XCBuildConfiguration;
			baseConfigurationReference = AE199087B683134BD84A7DF8 /* Pods-NoPlantLeftBehind.debug.xcconfig */;
			buildSettings = {
				ASSETCATALOG_COMPILER_APPICON_NAME = AppIcon;
				ASSETCATALOG_COMPILER_GLOBAL_ACCENT_COLOR_NAME = AccentColor;
				CODE_SIGN_STYLE = Automatic;
				DEVELOPMENT_TEAM = 5Z7LY99W88;
				INFOPLIST_FILE = NoPlantLeftBehind/Info.plist;
				LD_RUNPATH_SEARCH_PATHS = (
					"$(inherited)",
					"@executable_path/Frameworks",
				);
				PRODUCT_BUNDLE_IDENTIFIER = com.omihek.NoPlantLeftBehind;
				PRODUCT_NAME = "$(TARGET_NAME)";
				SWIFT_VERSION = 5.0;
				TARGETED_DEVICE_FAMILY = "1,2";
			};
			name = Debug;
		};
		6105A42E2537E78100A9F2F8 /* Release */ = {
			isa = XCBuildConfiguration;
			baseConfigurationReference = 4C5960CCC443F945CCC25BA4 /* Pods-NoPlantLeftBehind.release.xcconfig */;
			buildSettings = {
				ASSETCATALOG_COMPILER_APPICON_NAME = AppIcon;
				ASSETCATALOG_COMPILER_GLOBAL_ACCENT_COLOR_NAME = AccentColor;
				CODE_SIGN_STYLE = Automatic;
				DEVELOPMENT_TEAM = 5Z7LY99W88;
				INFOPLIST_FILE = NoPlantLeftBehind/Info.plist;
				LD_RUNPATH_SEARCH_PATHS = (
					"$(inherited)",
					"@executable_path/Frameworks",
				);
				PRODUCT_BUNDLE_IDENTIFIER = com.omihek.NoPlantLeftBehind;
				PRODUCT_NAME = "$(TARGET_NAME)";
				SWIFT_VERSION = 5.0;
				TARGETED_DEVICE_FAMILY = "1,2";
			};
			name = Release;
		};
		6105A4302537E78100A9F2F8 /* Debug */ = {
			isa = XCBuildConfiguration;
			baseConfigurationReference = 66043331FAD00686D9E73D17 /* Pods-NoPlantLeftBehindTests.debug.xcconfig */;
			buildSettings = {
				ALWAYS_EMBED_SWIFT_STANDARD_LIBRARIES = YES;
				BUNDLE_LOADER = "$(TEST_HOST)";
				CODE_SIGN_STYLE = Automatic;
				DEVELOPMENT_TEAM = 5Z7LY99W88;
				INFOPLIST_FILE = NoPlantLeftBehindTests/Info.plist;
				IPHONEOS_DEPLOYMENT_TARGET = 14.0;
				LD_RUNPATH_SEARCH_PATHS = (
					"$(inherited)",
					"@executable_path/Frameworks",
					"@loader_path/Frameworks",
				);
				PRODUCT_BUNDLE_IDENTIFIER = com.omihek.NoPlantLeftBehindTests;
				PRODUCT_NAME = "$(TARGET_NAME)";
				SWIFT_VERSION = 5.0;
				TARGETED_DEVICE_FAMILY = "1,2";
				TEST_HOST = "$(BUILT_PRODUCTS_DIR)/NoPlantLeftBehind.app/NoPlantLeftBehind";
			};
			name = Debug;
		};
		6105A4312537E78100A9F2F8 /* Release */ = {
			isa = XCBuildConfiguration;
			baseConfigurationReference = 373D04A57587828AACD2D6DB /* Pods-NoPlantLeftBehindTests.release.xcconfig */;
			buildSettings = {
				ALWAYS_EMBED_SWIFT_STANDARD_LIBRARIES = YES;
				BUNDLE_LOADER = "$(TEST_HOST)";
				CODE_SIGN_STYLE = Automatic;
				DEVELOPMENT_TEAM = 5Z7LY99W88;
				INFOPLIST_FILE = NoPlantLeftBehindTests/Info.plist;
				IPHONEOS_DEPLOYMENT_TARGET = 14.0;
				LD_RUNPATH_SEARCH_PATHS = (
					"$(inherited)",
					"@executable_path/Frameworks",
					"@loader_path/Frameworks",
				);
				PRODUCT_BUNDLE_IDENTIFIER = com.omihek.NoPlantLeftBehindTests;
				PRODUCT_NAME = "$(TARGET_NAME)";
				SWIFT_VERSION = 5.0;
				TARGETED_DEVICE_FAMILY = "1,2";
				TEST_HOST = "$(BUILT_PRODUCTS_DIR)/NoPlantLeftBehind.app/NoPlantLeftBehind";
			};
			name = Release;
		};
		6105A4332537E78100A9F2F8 /* Debug */ = {
			isa = XCBuildConfiguration;
			baseConfigurationReference = E92E97975AB04B0283CD1ABD /* Pods-NoPlantLeftBehind-NoPlantLeftBehindUITests.debug.xcconfig */;
			buildSettings = {
				ALWAYS_EMBED_SWIFT_STANDARD_LIBRARIES = YES;
				CODE_SIGN_STYLE = Automatic;
				DEVELOPMENT_TEAM = 5Z7LY99W88;
				INFOPLIST_FILE = NoPlantLeftBehindUITests/Info.plist;
				LD_RUNPATH_SEARCH_PATHS = (
					"$(inherited)",
					"@executable_path/Frameworks",
					"@loader_path/Frameworks",
				);
				PRODUCT_BUNDLE_IDENTIFIER = com.omihek.NoPlantLeftBehindUITests;
				PRODUCT_NAME = "$(TARGET_NAME)";
				SWIFT_VERSION = 5.0;
				TARGETED_DEVICE_FAMILY = "1,2";
				TEST_TARGET_NAME = NoPlantLeftBehind;
			};
			name = Debug;
		};
		6105A4342537E78100A9F2F8 /* Release */ = {
			isa = XCBuildConfiguration;
			baseConfigurationReference = 5C6445AAC1A883DE2E52621B /* Pods-NoPlantLeftBehind-NoPlantLeftBehindUITests.release.xcconfig */;
			buildSettings = {
				ALWAYS_EMBED_SWIFT_STANDARD_LIBRARIES = YES;
				CODE_SIGN_STYLE = Automatic;
				DEVELOPMENT_TEAM = 5Z7LY99W88;
				INFOPLIST_FILE = NoPlantLeftBehindUITests/Info.plist;
				LD_RUNPATH_SEARCH_PATHS = (
					"$(inherited)",
					"@executable_path/Frameworks",
					"@loader_path/Frameworks",
				);
				PRODUCT_BUNDLE_IDENTIFIER = com.omihek.NoPlantLeftBehindUITests;
				PRODUCT_NAME = "$(TARGET_NAME)";
				SWIFT_VERSION = 5.0;
				TARGETED_DEVICE_FAMILY = "1,2";
				TEST_TARGET_NAME = NoPlantLeftBehind;
			};
			name = Release;
		};
/* End XCBuildConfiguration section */

/* Begin XCConfigurationList section */
		6105A3FA2537E77F00A9F2F8 /* Build configuration list for PBXProject "NoPlantLeftBehind" */ = {
			isa = XCConfigurationList;
			buildConfigurations = (
				6105A42A2537E78100A9F2F8 /* Debug */,
				6105A42B2537E78100A9F2F8 /* Release */,
			);
			defaultConfigurationIsVisible = 0;
			defaultConfigurationName = Release;
		};
		6105A42C2537E78100A9F2F8 /* Build configuration list for PBXNativeTarget "NoPlantLeftBehind" */ = {
			isa = XCConfigurationList;
			buildConfigurations = (
				6105A42D2537E78100A9F2F8 /* Debug */,
				6105A42E2537E78100A9F2F8 /* Release */,
			);
			defaultConfigurationIsVisible = 0;
			defaultConfigurationName = Release;
		};
		6105A42F2537E78100A9F2F8 /* Build configuration list for PBXNativeTarget "NoPlantLeftBehindTests" */ = {
			isa = XCConfigurationList;
			buildConfigurations = (
				6105A4302537E78100A9F2F8 /* Debug */,
				6105A4312537E78100A9F2F8 /* Release */,
			);
			defaultConfigurationIsVisible = 0;
			defaultConfigurationName = Release;
		};
		6105A4322537E78100A9F2F8 /* Build configuration list for PBXNativeTarget "NoPlantLeftBehindUITests" */ = {
			isa = XCConfigurationList;
			buildConfigurations = (
				6105A4332537E78100A9F2F8 /* Debug */,
				6105A4342537E78100A9F2F8 /* Release */,
			);
			defaultConfigurationIsVisible = 0;
			defaultConfigurationName = Release;
		};
/* End XCConfigurationList section */

/* Begin XCVersionGroup section */
		6105A40B2537E77F00A9F2F8 /* NoPlantLeftBehind.xcdatamodeld */ = {
			isa = XCVersionGroup;
			children = (
				6105A40C2537E77F00A9F2F8 /* NoPlantLeftBehind.xcdatamodel */,
			);
			currentVersion = 6105A40C2537E77F00A9F2F8 /* NoPlantLeftBehind.xcdatamodel */;
			path = NoPlantLeftBehind.xcdatamodeld;
			sourceTree = "<group>";
			versionGroupType = wrapper.xcdatamodel;
		};
/* End XCVersionGroup section */
	};
	rootObject = 6105A3F72537E77F00A9F2F8 /* Project object */;
}
